
Microsoft Visual Studio Solution File, Format Version 12.00
# Visual Studio 14
VisualStudioVersion = 14.0.25420.1
MinimumVisualStudioVersion = 10.0.40219.1
Project("{FAE04EC0-301F-11D3-BF4B-00C04F79EFBC}") = "ProffsMagazinenPerfomanceTest", "StorefrontPerfomanceTest\ProffsMagazinenPerfomanceTest.csproj", "{2AC874A9-77E2-450E-A385-0E1736104185}"
EndProject
Project("{2150E333-8FDC-42A3-9474-1A3956D46DE8}") = "Solution Items", "Solution Items", "{842B4C72-E9E1-4C8C-B2BE-BAD85873E4AA}"
	ProjectSection(SolutionItems) = preProject
		Local.testsettings = Local.testsettings
	EndProjectSection
EndProject
Global
	GlobalSection(SolutionConfigurationPlatforms) = preSolution
		Debug|Any CPU = Debug|Any CPU
		Release|Any CPU = Release|Any CPU
	EndGlobalSection
	GlobalSection(ProjectConfigurationPlatforms) = postSolution
		{2AC874A9-77E2-450E-A385-0E1736104185}.Debug|Any CPU.ActiveCfg = Debug|Any CPU
		{2AC874A9-77E2-450E-A385-0E1736104185}.Debug|Any CPU.Build.0 = Debug|Any CPU
		{2AC874A9-77E2-450E-A385-0E1736104185}.Release|Any CPU.ActiveCfg = Release|Any CPU
		{2AC874A9-77E2-450E-A385-0E1736104185}.Release|Any CPU.Build.0 = Release|Any CPU
	EndGlobalSection
	GlobalSection(SolutionProperties) = preSolution
		HideSolutionNode = FALSE
	EndGlobalSection
EndGlobal
